
Microsoft Visual Studio Solution File, Format Version 12.00
# Visual Studio Version 17
VisualStudioVersion = 17.9.34622.214
MinimumVisualStudioVersion = 10.0.40219.1
Project("{2150E333-8FDC-42A3-9474-1A3956D46DE8}") = "Solution Items", "Solution Items", "{51B993EE-FE3F-44B0-8FA1-C0EEBF2670C8}"
	ProjectSection(SolutionItems) = preProject
		..\.gitattributes = ..\.gitattributes
		..\.gitignore = ..\.gitignore
		..\.travis.yml = ..\.travis.yml
		Accord.NET.psess = Accord.NET.psess
		Accord.NET.ruleset = Accord.NET.ruleset
		Accord.NET.targets = Accord.NET.targets
		Accord.NET.vsmdi = Accord.NET.vsmdi
		Building.txt = Building.txt
		..\Contributors.txt = ..\Contributors.txt
		..\Copyright.txt = ..\Copyright.txt
		..\License.txt = ..\License.txt
		..\README.md = ..\README.md
		..\Release notes.txt = ..\Release notes.txt
		..\Version.txt = ..\Version.txt
	EndProjectSection
EndProject
Project("{2150E333-8FDC-42A3-9474-1A3956D46DE8}") = "Linux", "Linux", "{DB1D2E4F-0D35-4321-996B-0DFB04609ACE}"
	ProjectSection(SolutionItems) = preProject
		..\accord.pc.in = ..\accord.pc.in
		..\configure.ac = ..\configure.ac
		..\Makefile.am = ..\Makefile.am
	EndProjectSection
EndProject
Project("{9A19103F-16F7-4668-BE54-9A1E7A4F7556}") = "Core.Accord.Core", "Core.Accord.Core\Core.Accord.Core.csproj", "{0809BD03-3BC6-4730-9913-247015D41B2A}"
EndProject
Project("{9A19103F-16F7-4668-BE54-9A1E7A4F7556}") = "Core.Accord.Math.Core", "Core.Accord.Math.Core\Core.Accord.Math.Core.csproj", "{9A4E07DA-AAE4-47BD-85A0-B81AE94FB587}"
EndProject
Project("{9A19103F-16F7-4668-BE54-9A1E7A4F7556}") = "Core.Accord.Math", "Core.Accord.Math\Core.Accord.Math.csproj", "{2A3C7814-903A-43E4-A78D-DB3BF92EAFF7}"
EndProject
Project("{9A19103F-16F7-4668-BE54-9A1E7A4F7556}") = "Core.Accord.Statistics", "Core.Accord.Statistics\Core.Accord.Statistics.csproj", "{75B7078F-07C9-4B56-B2F2-BF3993514951}"
EndProject
Project("{9A19103F-16F7-4668-BE54-9A1E7A4F7556}") = "Core.Accord.Imaging", "Core.Accord.Imaging\Core.Accord.Imaging.csproj", "{6A76E825-659F-48C3-ADE6-F97EDEF1E3CA}"
EndProject
Project("{9A19103F-16F7-4668-BE54-9A1E7A4F7556}") = "Core.Accord.Tests.Core", "..\Unit Tests\Core.Accord.Tests.Core\Core.Accord.Tests.Core.csproj", "{1ABC622F-6759-4670-96D6-623E0980A4A5}"
EndProject
Project("{9A19103F-16F7-4668-BE54-9A1E7A4F7556}") = "Core.Accord.Tests.Imaging", "..\Unit Tests\Core.Accord.Tests.Imaging\Core.Accord.Tests.Imaging.csproj", "{741AA74F-A4E0-445D-9500-683FF099AAAA}"
EndProject
Project("{9A19103F-16F7-4668-BE54-9A1E7A4F7556}") = "Core.Accord.Tests.Math", "..\Unit Tests\Core.Accord.Tests.Math\Core.Accord.Tests.Math.csproj", "{232DC751-6A5F-450D-B9DB-7A2C1C4FE26F}"
EndProject
Project("{9A19103F-16F7-4668-BE54-9A1E7A4F7556}") = "Core.Accord.Tests.Statistics", "..\Unit Tests\Core.Accord.Tests.Statistics\Core.Accord.Tests.Statistics.csproj", "{119BCFED-FE8F-454A-A924-B5CB4716C1FC}"
EndProject
Project("{9A19103F-16F7-4668-BE54-9A1E7A4F7556}") = "Core.Accord.DataSets", "Core.Accord.DataSets\Core.Accord.DataSets.csproj", "{A4C2087B-0CDA-49D0-ACF0-EF88BED46127}"
EndProject
Project("{2150E333-8FDC-42A3-9474-1A3956D46DE8}") = "CoreTests", "CoreTests", "{CA17CC32-9F4C-4225-BAB4-60BAE673853A}"
EndProject
Project("{2150E333-8FDC-42A3-9474-1A3956D46DE8}") = "CoreBasicLibraries", "CoreBasicLibraries", "{70A5A124-8920-4478-B0F7-B398C6100942}"
EndProject
Project("{2150E333-8FDC-42A3-9474-1A3956D46DE8}") = "CoreTools", "CoreTools", "{C2EE683F-3871-4150-BB25-6329A631637D}"
EndProject
Project("{9A19103F-16F7-4668-BE54-9A1E7A4F7556}") = "Core.Accord.IO", "Core.Accord.IO\Core.Accord.IO.csproj", "{76FC6EBC-C4F3-4669-A812-24C145D48C6D}"
EndProject
Global
	GlobalSection(SolutionConfigurationPlatforms) = preSolution
		Debug|Any CPU = Debug|Any CPU
		Debug|Win32 = Debug|Win32
		Debug|x64 = Debug|x64
		Docs|Any CPU = Docs|Any CPU
		Docs|Win32 = Docs|Win32
		Docs|x64 = Docs|x64
		mono|Any CPU = mono|Any CPU
		mono|Win32 = mono|Win32
		mono|x64 = mono|x64
		net35|Any CPU = net35|Any CPU
		net35|Win32 = net35|Win32
		net35|x64 = net35|x64
		net40|Any CPU = net40|Any CPU
		net40|Win32 = net40|Win32
		net40|x64 = net40|x64
		net45|Any CPU = net45|Any CPU
		net45|Win32 = net45|Win32
		net45|x64 = net45|x64
		net46|Any CPU = net46|Any CPU
		net46|Win32 = net46|Win32
		net46|x64 = net46|x64
		net462|Any CPU = net462|Any CPU
		net462|Win32 = net462|Win32
		net462|x64 = net462|x64
		Release|Any CPU = Release|Any CPU
		Release|Win32 = Release|Win32
		Release|x64 = Release|x64
	EndGlobalSection
	GlobalSection(ProjectConfigurationPlatforms) = postSolution
		{0809BD03-3BC6-4730-9913-247015D41B2A}.Debug|Any CPU.ActiveCfg = Debug|Any CPU
		{0809BD03-3BC6-4730-9913-247015D41B2A}.Debug|Any CPU.Build.0 = Debug|Any CPU
		{0809BD03-3BC6-4730-9913-247015D41B2A}.Debug|Win32.ActiveCfg = Debug|Any CPU
		{0809BD03-3BC6-4730-9913-247015D41B2A}.Debug|Win32.Build.0 = Debug|Any CPU
		{0809BD03-3BC6-4730-9913-247015D41B2A}.Debug|x64.ActiveCfg = Debug|Any CPU
		{0809BD03-3BC6-4730-9913-247015D41B2A}.Debug|x64.Build.0 = Debug|Any CPU
		{0809BD03-3BC6-4730-9913-247015D41B2A}.Docs|Any CPU.ActiveCfg = Debug|Any CPU
		{0809BD03-3BC6-4730-9913-247015D41B2A}.Docs|Any CPU.Build.0 = Debug|Any CPU
		{0809BD03-3BC6-4730-9913-247015D41B2A}.Docs|Win32.ActiveCfg = Debug|Any CPU
		{0809BD03-3BC6-4730-9913-247015D41B2A}.Docs|Win32.Build.0 = Debug|Any CPU
		{0809BD03-3BC6-4730-9913-247015D41B2A}.Docs|x64.ActiveCfg = Debug|Any CPU
		{0809BD03-3BC6-4730-9913-247015D41B2A}.Docs|x64.Build.0 = Debug|Any CPU
		{0809BD03-3BC6-4730-9913-247015D41B2A}.mono|Any CPU.ActiveCfg = Debug|Any CPU
		{0809BD03-3BC6-4730-9913-247015D41B2A}.mono|Any CPU.Build.0 = Debug|Any CPU
		{0809BD03-3BC6-4730-9913-247015D41B2A}.mono|Win32.ActiveCfg = Debug|Any CPU
		{0809BD03-3BC6-4730-9913-247015D41B2A}.mono|Win32.Build.0 = Debug|Any CPU
		{0809BD03-3BC6-4730-9913-247015D41B2A}.mono|x64.ActiveCfg = Debug|Any CPU
		{0809BD03-3BC6-4730-9913-247015D41B2A}.mono|x64.Build.0 = Debug|Any CPU
		{0809BD03-3BC6-4730-9913-247015D41B2A}.net35|Any CPU.ActiveCfg = Debug|Any CPU
		{0809BD03-3BC6-4730-9913-247015D41B2A}.net35|Any CPU.Build.0 = Debug|Any CPU
		{0809BD03-3BC6-4730-9913-247015D41B2A}.net35|Win32.ActiveCfg = Debug|Any CPU
		{0809BD03-3BC6-4730-9913-247015D41B2A}.net35|Win32.Build.0 = Debug|Any CPU
		{0809BD03-3BC6-4730-9913-247015D41B2A}.net35|x64.ActiveCfg = Debug|Any CPU
		{0809BD03-3BC6-4730-9913-247015D41B2A}.net35|x64.Build.0 = Debug|Any CPU
		{0809BD03-3BC6-4730-9913-247015D41B2A}.net40|Any CPU.ActiveCfg = Debug|Any CPU
		{0809BD03-3BC6-4730-9913-247015D41B2A}.net40|Any CPU.Build.0 = Debug|Any CPU
		{0809BD03-3BC6-4730-9913-247015D41B2A}.net40|Win32.ActiveCfg = Debug|Any CPU
		{0809BD03-3BC6-4730-9913-247015D41B2A}.net40|Win32.Build.0 = Debug|Any CPU
		{0809BD03-3BC6-4730-9913-247015D41B2A}.net40|x64.ActiveCfg = Debug|Any CPU
		{0809BD03-3BC6-4730-9913-247015D41B2A}.net40|x64.Build.0 = Debug|Any CPU
		{0809BD03-3BC6-4730-9913-247015D41B2A}.net45|Any CPU.ActiveCfg = Debug|Any CPU
		{0809BD03-3BC6-4730-9913-247015D41B2A}.net45|Any CPU.Build.0 = Debug|Any CPU
		{0809BD03-3BC6-4730-9913-247015D41B2A}.net45|Win32.ActiveCfg = Debug|Any CPU
		{0809BD03-3BC6-4730-9913-247015D41B2A}.net45|Win32.Build.0 = Debug|Any CPU
		{0809BD03-3BC6-4730-9913-247015D41B2A}.net45|x64.ActiveCfg = Debug|Any CPU
		{0809BD03-3BC6-4730-9913-247015D41B2A}.net45|x64.Build.0 = Debug|Any CPU
		{0809BD03-3BC6-4730-9913-247015D41B2A}.net46|Any CPU.ActiveCfg = Debug|Any CPU
		{0809BD03-3BC6-4730-9913-247015D41B2A}.net46|Any CPU.Build.0 = Debug|Any CPU
		{0809BD03-3BC6-4730-9913-247015D41B2A}.net46|Win32.ActiveCfg = Debug|Any CPU
		{0809BD03-3BC6-4730-9913-247015D41B2A}.net46|Win32.Build.0 = Debug|Any CPU
		{0809BD03-3BC6-4730-9913-247015D41B2A}.net46|x64.ActiveCfg = Debug|Any CPU
		{0809BD03-3BC6-4730-9913-247015D41B2A}.net46|x64.Build.0 = Debug|Any CPU
		{0809BD03-3BC6-4730-9913-247015D41B2A}.net462|Any CPU.ActiveCfg = Debug|Any CPU
		{0809BD03-3BC6-4730-9913-247015D41B2A}.net462|Any CPU.Build.0 = Debug|Any CPU
		{0809BD03-3BC6-4730-9913-247015D41B2A}.net462|Win32.ActiveCfg = Debug|Any CPU
		{0809BD03-3BC6-4730-9913-247015D41B2A}.net462|Win32.Build.0 = Debug|Any CPU
		{0809BD03-3BC6-4730-9913-247015D41B2A}.net462|x64.ActiveCfg = Debug|Any CPU
		{0809BD03-3BC6-4730-9913-247015D41B2A}.net462|x64.Build.0 = Debug|Any CPU
		{0809BD03-3BC6-4730-9913-247015D41B2A}.Release|Any CPU.ActiveCfg = Release|Any CPU
		{0809BD03-3BC6-4730-9913-247015D41B2A}.Release|Any CPU.Build.0 = Release|Any CPU
		{0809BD03-3BC6-4730-9913-247015D41B2A}.Release|Win32.ActiveCfg = Release|Any CPU
		{0809BD03-3BC6-4730-9913-247015D41B2A}.Release|Win32.Build.0 = Release|Any CPU
		{0809BD03-3BC6-4730-9913-247015D41B2A}.Release|x64.ActiveCfg = Release|Any CPU
		{0809BD03-3BC6-4730-9913-247015D41B2A}.Release|x64.Build.0 = Release|Any CPU
		{9A4E07DA-AAE4-47BD-85A0-B81AE94FB587}.Debug|Any CPU.ActiveCfg = Debug|Any CPU
		{9A4E07DA-AAE4-47BD-85A0-B81AE94FB587}.Debug|Any CPU.Build.0 = Debug|Any CPU
		{9A4E07DA-AAE4-47BD-85A0-B81AE94FB587}.Debug|Win32.ActiveCfg = Debug|Any CPU
		{9A4E07DA-AAE4-47BD-85A0-B81AE94FB587}.Debug|Win32.Build.0 = Debug|Any CPU
		{9A4E07DA-AAE4-47BD-85A0-B81AE94FB587}.Debug|x64.ActiveCfg = Debug|Any CPU
		{9A4E07DA-AAE4-47BD-85A0-B81AE94FB587}.Debug|x64.Build.0 = Debug|Any CPU
		{9A4E07DA-AAE4-47BD-85A0-B81AE94FB587}.Docs|Any CPU.ActiveCfg = Debug|Any CPU
		{9A4E07DA-AAE4-47BD-85A0-B81AE94FB587}.Docs|Any CPU.Build.0 = Debug|Any CPU
		{9A4E07DA-AAE4-47BD-85A0-B81AE94FB587}.Docs|Win32.ActiveCfg = Debug|Any CPU
		{9A4E07DA-AAE4-47BD-85A0-B81AE94FB587}.Docs|Win32.Build.0 = Debug|Any CPU
		{9A4E07DA-AAE4-47BD-85A0-B81AE94FB587}.Docs|x64.ActiveCfg = Debug|Any CPU
		{9A4E07DA-AAE4-47BD-85A0-B81AE94FB587}.Docs|x64.Build.0 = Debug|Any CPU
		{9A4E07DA-AAE4-47BD-85A0-B81AE94FB587}.mono|Any CPU.ActiveCfg = Debug|Any CPU
		{9A4E07DA-AAE4-47BD-85A0-B81AE94FB587}.mono|Any CPU.Build.0 = Debug|Any CPU
		{9A4E07DA-AAE4-47BD-85A0-B81AE94FB587}.mono|Win32.ActiveCfg = Debug|Any CPU
		{9A4E07DA-AAE4-47BD-85A0-B81AE94FB587}.mono|Win32.Build.0 = Debug|Any CPU
		{9A4E07DA-AAE4-47BD-85A0-B81AE94FB587}.mono|x64.ActiveCfg = Debug|Any CPU
		{9A4E07DA-AAE4-47BD-85A0-B81AE94FB587}.mono|x64.Build.0 = Debug|Any CPU
		{9A4E07DA-AAE4-47BD-85A0-B81AE94FB587}.net35|Any CPU.ActiveCfg = Debug|Any CPU
		{9A4E07DA-AAE4-47BD-85A0-B81AE94FB587}.net35|Any CPU.Build.0 = Debug|Any CPU
		{9A4E07DA-AAE4-47BD-85A0-B81AE94FB587}.net35|Win32.ActiveCfg = Debug|Any CPU
		{9A4E07DA-AAE4-47BD-85A0-B81AE94FB587}.net35|Win32.Build.0 = Debug|Any CPU
		{9A4E07DA-AAE4-47BD-85A0-B81AE94FB587}.net35|x64.ActiveCfg = Debug|Any CPU
		{9A4E07DA-AAE4-47BD-85A0-B81AE94FB587}.net35|x64.Build.0 = Debug|Any CPU
		{9A4E07DA-AAE4-47BD-85A0-B81AE94FB587}.net40|Any CPU.ActiveCfg = Debug|Any CPU
		{9A4E07DA-AAE4-47BD-85A0-B81AE94FB587}.net40|Any CPU.Build.0 = Debug|Any CPU
		{9A4E07DA-AAE4-47BD-85A0-B81AE94FB587}.net40|Win32.ActiveCfg = Debug|Any CPU
		{9A4E07DA-AAE4-47BD-85A0-B81AE94FB587}.net40|Win32.Build.0 = Debug|Any CPU
		{9A4E07DA-AAE4-47BD-85A0-B81AE94FB587}.net40|x64.ActiveCfg = Debug|Any CPU
		{9A4E07DA-AAE4-47BD-85A0-B81AE94FB587}.net40|x64.Build.0 = Debug|Any CPU
		{9A4E07DA-AAE4-47BD-85A0-B81AE94FB587}.net45|Any CPU.ActiveCfg = Debug|Any CPU
		{9A4E07DA-AAE4-47BD-85A0-B81AE94FB587}.net45|Any CPU.Build.0 = Debug|Any CPU
		{9A4E07DA-AAE4-47BD-85A0-B81AE94FB587}.net45|Win32.ActiveCfg = Debug|Any CPU
		{9A4E07DA-AAE4-47BD-85A0-B81AE94FB587}.net45|Win32.Build.0 = Debug|Any CPU
		{9A4E07DA-AAE4-47BD-85A0-B81AE94FB587}.net45|x64.ActiveCfg = Debug|Any CPU
		{9A4E07DA-AAE4-47BD-85A0-B81AE94FB587}.net45|x64.Build.0 = Debug|Any CPU
		{9A4E07DA-AAE4-47BD-85A0-B81AE94FB587}.net46|Any CPU.ActiveCfg = Debug|Any CPU
		{9A4E07DA-AAE4-47BD-85A0-B81AE94FB587}.net46|Any CPU.Build.0 = Debug|Any CPU
		{9A4E07DA-AAE4-47BD-85A0-B81AE94FB587}.net46|Win32.ActiveCfg = Debug|Any CPU
		{9A4E07DA-AAE4-47BD-85A0-B81AE94FB587}.net46|Win32.Build.0 = Debug|Any CPU
		{9A4E07DA-AAE4-47BD-85A0-B81AE94FB587}.net46|x64.ActiveCfg = Debug|Any CPU
		{9A4E07DA-AAE4-47BD-85A0-B81AE94FB587}.net46|x64.Build.0 = Debug|Any CPU
		{9A4E07DA-AAE4-47BD-85A0-B81AE94FB587}.net462|Any CPU.ActiveCfg = Debug|Any CPU
		{9A4E07DA-AAE4-47BD-85A0-B81AE94FB587}.net462|Any CPU.Build.0 = Debug|Any CPU
		{9A4E07DA-AAE4-47BD-85A0-B81AE94FB587}.net462|Win32.ActiveCfg = Debug|Any CPU
		{9A4E07DA-AAE4-47BD-85A0-B81AE94FB587}.net462|Win32.Build.0 = Debug|Any CPU
		{9A4E07DA-AAE4-47BD-85A0-B81AE94FB587}.net462|x64.ActiveCfg = Debug|Any CPU
		{9A4E07DA-AAE4-47BD-85A0-B81AE94FB587}.net462|x64.Build.0 = Debug|Any CPU
		{9A4E07DA-AAE4-47BD-85A0-B81AE94FB587}.Release|Any CPU.ActiveCfg = Release|Any CPU
		{9A4E07DA-AAE4-47BD-85A0-B81AE94FB587}.Release|Any CPU.Build.0 = Release|Any CPU
		{9A4E07DA-AAE4-47BD-85A0-B81AE94FB587}.Release|Win32.ActiveCfg = Release|Any CPU
		{9A4E07DA-AAE4-47BD-85A0-B81AE94FB587}.Release|Win32.Build.0 = Release|Any CPU
		{9A4E07DA-AAE4-47BD-85A0-B81AE94FB587}.Release|x64.ActiveCfg = Release|Any CPU
		{9A4E07DA-AAE4-47BD-85A0-B81AE94FB587}.Release|x64.Build.0 = Release|Any CPU
		{2A3C7814-903A-43E4-A78D-DB3BF92EAFF7}.Debug|Any CPU.ActiveCfg = Debug|Any CPU
		{2A3C7814-903A-43E4-A78D-DB3BF92EAFF7}.Debug|Any CPU.Build.0 = Debug|Any CPU
		{2A3C7814-903A-43E4-A78D-DB3BF92EAFF7}.Debug|Win32.ActiveCfg = Debug|Any CPU
		{2A3C7814-903A-43E4-A78D-DB3BF92EAFF7}.Debug|Win32.Build.0 = Debug|Any CPU
		{2A3C7814-903A-43E4-A78D-DB3BF92EAFF7}.Debug|x64.ActiveCfg = Debug|Any CPU
		{2A3C7814-903A-43E4-A78D-DB3BF92EAFF7}.Debug|x64.Build.0 = Debug|Any CPU
		{2A3C7814-903A-43E4-A78D-DB3BF92EAFF7}.Docs|Any CPU.ActiveCfg = Debug|Any CPU
		{2A3C7814-903A-43E4-A78D-DB3BF92EAFF7}.Docs|Any CPU.Build.0 = Debug|Any CPU
		{2A3C7814-903A-43E4-A78D-DB3BF92EAFF7}.Docs|Win32.ActiveCfg = Debug|Any CPU
		{2A3C7814-903A-43E4-A78D-DB3BF92EAFF7}.Docs|Win32.Build.0 = Debug|Any CPU
		{2A3C7814-903A-43E4-A78D-DB3BF92EAFF7}.Docs|x64.ActiveCfg = Debug|Any CPU
		{2A3C7814-903A-43E4-A78D-DB3BF92EAFF7}.Docs|x64.Build.0 = Debug|Any CPU
		{2A3C7814-903A-43E4-A78D-DB3BF92EAFF7}.mono|Any CPU.ActiveCfg = Debug|Any CPU
		{2A3C7814-903A-43E4-A78D-DB3BF92EAFF7}.mono|Any CPU.Build.0 = Debug|Any CPU
		{2A3C7814-903A-43E4-A78D-DB3BF92EAFF7}.mono|Win32.ActiveCfg = Debug|Any CPU
		{2A3C7814-903A-43E4-A78D-DB3BF92EAFF7}.mono|Win32.Build.0 = Debug|Any CPU
		{2A3C7814-903A-43E4-A78D-DB3BF92EAFF7}.mono|x64.ActiveCfg = Debug|Any CPU
		{2A3C7814-903A-43E4-A78D-DB3BF92EAFF7}.mono|x64.Build.0 = Debug|Any CPU
		{2A3C7814-903A-43E4-A78D-DB3BF92EAFF7}.net35|Any CPU.ActiveCfg = Debug|Any CPU
		{2A3C7814-903A-43E4-A78D-DB3BF92EAFF7}.net35|Any CPU.Build.0 = Debug|Any CPU
		{2A3C7814-903A-43E4-A78D-DB3BF92EAFF7}.net35|Win32.ActiveCfg = Debug|Any CPU
		{2A3C7814-903A-43E4-A78D-DB3BF92EAFF7}.net35|Win32.Build.0 = Debug|Any CPU
		{2A3C7814-903A-43E4-A78D-DB3BF92EAFF7}.net35|x64.ActiveCfg = Debug|Any CPU
		{2A3C7814-903A-43E4-A78D-DB3BF92EAFF7}.net35|x64.Build.0 = Debug|Any CPU
		{2A3C7814-903A-43E4-A78D-DB3BF92EAFF7}.net40|Any CPU.ActiveCfg = Debug|Any CPU
		{2A3C7814-903A-43E4-A78D-DB3BF92EAFF7}.net40|Any CPU.Build.0 = Debug|Any CPU
		{2A3C7814-903A-43E4-A78D-DB3BF92EAFF7}.net40|Win32.ActiveCfg = Debug|Any CPU
		{2A3C7814-903A-43E4-A78D-DB3BF92EAFF7}.net40|Win32.Build.0 = Debug|Any CPU
		{2A3C7814-903A-43E4-A78D-DB3BF92EAFF7}.net40|x64.ActiveCfg = Debug|Any CPU
		{2A3C7814-903A-43E4-A78D-DB3BF92EAFF7}.net40|x64.Build.0 = Debug|Any CPU
		{2A3C7814-903A-43E4-A78D-DB3BF92EAFF7}.net45|Any CPU.ActiveCfg = Debug|Any CPU
		{2A3C7814-903A-43E4-A78D-DB3BF92EAFF7}.net45|Any CPU.Build.0 = Debug|Any CPU
		{2A3C7814-903A-43E4-A78D-DB3BF92EAFF7}.net45|Win32.ActiveCfg = Debug|Any CPU
		{2A3C7814-903A-43E4-A78D-DB3BF92EAFF7}.net45|Win32.Build.0 = Debug|Any CPU
		{2A3C7814-903A-43E4-A78D-DB3BF92EAFF7}.net45|x64.ActiveCfg = Debug|Any CPU
		{2A3C7814-903A-43E4-A78D-DB3BF92EAFF7}.net45|x64.Build.0 = Debug|Any CPU
		{2A3C7814-903A-43E4-A78D-DB3BF92EAFF7}.net46|Any CPU.ActiveCfg = Debug|Any CPU
		{2A3C7814-903A-43E4-A78D-DB3BF92EAFF7}.net46|Any CPU.Build.0 = Debug|Any CPU
		{2A3C7814-903A-43E4-A78D-DB3BF92EAFF7}.net46|Win32.ActiveCfg = Debug|Any CPU
		{2A3C7814-903A-43E4-A78D-DB3BF92EAFF7}.net46|Win32.Build.0 = Debug|Any CPU
		{2A3C7814-903A-43E4-A78D-DB3BF92EAFF7}.net46|x64.ActiveCfg = Debug|Any CPU
		{2A3C7814-903A-43E4-A78D-DB3BF92EAFF7}.net46|x64.Build.0 = Debug|Any CPU
		{2A3C7814-903A-43E4-A78D-DB3BF92EAFF7}.net462|Any CPU.ActiveCfg = Debug|Any CPU
		{2A3C7814-903A-43E4-A78D-DB3BF92EAFF7}.net462|Any CPU.Build.0 = Debug|Any CPU
		{2A3C7814-903A-43E4-A78D-DB3BF92EAFF7}.net462|Win32.ActiveCfg = Debug|Any CPU
		{2A3C7814-903A-43E4-A78D-DB3BF92EAFF7}.net462|Win32.Build.0 = Debug|Any CPU
		{2A3C7814-903A-43E4-A78D-DB3BF92EAFF7}.net462|x64.ActiveCfg = Debug|Any CPU
		{2A3C7814-903A-43E4-A78D-DB3BF92EAFF7}.net462|x64.Build.0 = Debug|Any CPU
		{2A3C7814-903A-43E4-A78D-DB3BF92EAFF7}.Release|Any CPU.ActiveCfg = Release|Any CPU
		{2A3C7814-903A-43E4-A78D-DB3BF92EAFF7}.Release|Any CPU.Build.0 = Release|Any CPU
		{2A3C7814-903A-43E4-A78D-DB3BF92EAFF7}.Release|Win32.ActiveCfg = Release|Any CPU
		{2A3C7814-903A-43E4-A78D-DB3BF92EAFF7}.Release|Win32.Build.0 = Release|Any CPU
		{2A3C7814-903A-43E4-A78D-DB3BF92EAFF7}.Release|x64.ActiveCfg = Release|Any CPU
		{2A3C7814-903A-43E4-A78D-DB3BF92EAFF7}.Release|x64.Build.0 = Release|Any CPU
		{75B7078F-07C9-4B56-B2F2-BF3993514951}.Debug|Any CPU.ActiveCfg = Debug|Any CPU
		{75B7078F-07C9-4B56-B2F2-BF3993514951}.Debug|Any CPU.Build.0 = Debug|Any CPU
		{75B7078F-07C9-4B56-B2F2-BF3993514951}.Debug|Win32.ActiveCfg = Debug|Any CPU
		{75B7078F-07C9-4B56-B2F2-BF3993514951}.Debug|Win32.Build.0 = Debug|Any CPU
		{75B7078F-07C9-4B56-B2F2-BF3993514951}.Debug|x64.ActiveCfg = Debug|Any CPU
		{75B7078F-07C9-4B56-B2F2-BF3993514951}.Debug|x64.Build.0 = Debug|Any CPU
		{75B7078F-07C9-4B56-B2F2-BF3993514951}.Docs|Any CPU.ActiveCfg = Debug|Any CPU
		{75B7078F-07C9-4B56-B2F2-BF3993514951}.Docs|Any CPU.Build.0 = Debug|Any CPU
		{75B7078F-07C9-4B56-B2F2-BF3993514951}.Docs|Win32.ActiveCfg = Debug|Any CPU
		{75B7078F-07C9-4B56-B2F2-BF3993514951}.Docs|Win32.Build.0 = Debug|Any CPU
		{75B7078F-07C9-4B56-B2F2-BF3993514951}.Docs|x64.ActiveCfg = Debug|Any CPU
		{75B7078F-07C9-4B56-B2F2-BF3993514951}.Docs|x64.Build.0 = Debug|Any CPU
		{75B7078F-07C9-4B56-B2F2-BF3993514951}.mono|Any CPU.ActiveCfg = Debug|Any CPU
		{75B7078F-07C9-4B56-B2F2-BF3993514951}.mono|Any CPU.Build.0 = Debug|Any CPU
		{75B7078F-07C9-4B56-B2F2-BF3993514951}.mono|Win32.ActiveCfg = Debug|Any CPU
		{75B7078F-07C9-4B56-B2F2-BF3993514951}.mono|Win32.Build.0 = Debug|Any CPU
		{75B7078F-07C9-4B56-B2F2-BF3993514951}.mono|x64.ActiveCfg = Debug|Any CPU
		{75B7078F-07C9-4B56-B2F2-BF3993514951}.mono|x64.Build.0 = Debug|Any CPU
		{75B7078F-07C9-4B56-B2F2-BF3993514951}.net35|Any CPU.ActiveCfg = Debug|Any CPU
		{75B7078F-07C9-4B56-B2F2-BF3993514951}.net35|Any CPU.Build.0 = Debug|Any CPU
		{75B7078F-07C9-4B56-B2F2-BF3993514951}.net35|Win32.ActiveCfg = Debug|Any CPU
		{75B7078F-07C9-4B56-B2F2-BF3993514951}.net35|Win32.Build.0 = Debug|Any CPU
		{75B7078F-07C9-4B56-B2F2-BF3993514951}.net35|x64.ActiveCfg = Debug|Any CPU
		{75B7078F-07C9-4B56-B2F2-BF3993514951}.net35|x64.Build.0 = Debug|Any CPU
		{75B7078F-07C9-4B56-B2F2-BF3993514951}.net40|Any CPU.ActiveCfg = Debug|Any CPU
		{75B7078F-07C9-4B56-B2F2-BF3993514951}.net40|Any CPU.Build.0 = Debug|Any CPU
		{75B7078F-07C9-4B56-B2F2-BF3993514951}.net40|Win32.ActiveCfg = Debug|Any CPU
		{75B7078F-07C9-4B56-B2F2-BF3993514951}.net40|Win32.Build.0 = Debug|Any CPU
		{75B7078F-07C9-4B56-B2F2-BF3993514951}.net40|x64.ActiveCfg = Debug|Any CPU
		{75B7078F-07C9-4B56-B2F2-BF3993514951}.net40|x64.Build.0 = Debug|Any CPU
		{75B7078F-07C9-4B56-B2F2-BF3993514951}.net45|Any CPU.ActiveCfg = Debug|Any CPU
		{75B7078F-07C9-4B56-B2F2-BF3993514951}.net45|Any CPU.Build.0 = Debug|Any CPU
		{75B7078F-07C9-4B56-B2F2-BF3993514951}.net45|Win32.ActiveCfg = Debug|Any CPU
		{75B7078F-07C9-4B56-B2F2-BF3993514951}.net45|Win32.Build.0 = Debug|Any CPU
		{75B7078F-07C9-4B56-B2F2-BF3993514951}.net45|x64.ActiveCfg = Debug|Any CPU
		{75B7078F-07C9-4B56-B2F2-BF3993514951}.net45|x64.Build.0 = Debug|Any CPU
		{75B7078F-07C9-4B56-B2F2-BF3993514951}.net46|Any CPU.ActiveCfg = Debug|Any CPU
		{75B7078F-07C9-4B56-B2F2-BF3993514951}.net46|Any CPU.Build.0 = Debug|Any CPU
		{75B7078F-07C9-4B56-B2F2-BF3993514951}.net46|Win32.ActiveCfg = Debug|Any CPU
		{75B7078F-07C9-4B56-B2F2-BF3993514951}.net46|Win32.Build.0 = Debug|Any CPU
		{75B7078F-07C9-4B56-B2F2-BF3993514951}.net46|x64.ActiveCfg = Debug|Any CPU
		{75B7078F-07C9-4B56-B2F2-BF3993514951}.net46|x64.Build.0 = Debug|Any CPU
		{75B7078F-07C9-4B56-B2F2-BF3993514951}.net462|Any CPU.ActiveCfg = Debug|Any CPU
		{75B7078F-07C9-4B56-B2F2-BF3993514951}.net462|Any CPU.Build.0 = Debug|Any CPU
		{75B7078F-07C9-4B56-B2F2-BF3993514951}.net462|Win32.ActiveCfg = Debug|Any CPU
		{75B7078F-07C9-4B56-B2F2-BF3993514951}.net462|Win32.Build.0 = Debug|Any CPU
		{75B7078F-07C9-4B56-B2F2-BF3993514951}.net462|x64.ActiveCfg = Debug|Any CPU
		{75B7078F-07C9-4B56-B2F2-BF3993514951}.net462|x64.Build.0 = Debug|Any CPU
		{75B7078F-07C9-4B56-B2F2-BF3993514951}.Release|Any CPU.ActiveCfg = Release|Any CPU
		{75B7078F-07C9-4B56-B2F2-BF3993514951}.Release|Any CPU.Build.0 = Release|Any CPU
		{75B7078F-07C9-4B56-B2F2-BF3993514951}.Release|Win32.ActiveCfg = Release|Any CPU
		{75B7078F-07C9-4B56-B2F2-BF3993514951}.Release|Win32.Build.0 = Release|Any CPU
		{75B7078F-07C9-4B56-B2F2-BF3993514951}.Release|x64.ActiveCfg = Release|Any CPU
		{75B7078F-07C9-4B56-B2F2-BF3993514951}.Release|x64.Build.0 = Release|Any CPU
		{6A76E825-659F-48C3-ADE6-F97EDEF1E3CA}.Debug|Any CPU.ActiveCfg = Debug|Any CPU
		{6A76E825-659F-48C3-ADE6-F97EDEF1E3CA}.Debug|Any CPU.Build.0 = Debug|Any CPU
		{6A76E825-659F-48C3-ADE6-F97EDEF1E3CA}.Debug|Win32.ActiveCfg = Debug|Any CPU
		{6A76E825-659F-48C3-ADE6-F97EDEF1E3CA}.Debug|Win32.Build.0 = Debug|Any CPU
		{6A76E825-659F-48C3-ADE6-F97EDEF1E3CA}.Debug|x64.ActiveCfg = Debug|Any CPU
		{6A76E825-659F-48C3-ADE6-F97EDEF1E3CA}.Debug|x64.Build.0 = Debug|Any CPU
		{6A76E825-659F-48C3-ADE6-F97EDEF1E3CA}.Docs|Any CPU.ActiveCfg = Debug|Any CPU
		{6A76E825-659F-48C3-ADE6-F97EDEF1E3CA}.Docs|Any CPU.Build.0 = Debug|Any CPU
		{6A76E825-659F-48C3-ADE6-F97EDEF1E3CA}.Docs|Win32.ActiveCfg = Debug|Any CPU
		{6A76E825-659F-48C3-ADE6-F97EDEF1E3CA}.Docs|Win32.Build.0 = Debug|Any CPU
		{6A76E825-659F-48C3-ADE6-F97EDEF1E3CA}.Docs|x64.ActiveCfg = Debug|Any CPU
		{6A76E825-659F-48C3-ADE6-F97EDEF1E3CA}.Docs|x64.Build.0 = Debug|Any CPU
		{6A76E825-659F-48C3-ADE6-F97EDEF1E3CA}.mono|Any CPU.ActiveCfg = Debug|Any CPU
		{6A76E825-659F-48C3-ADE6-F97EDEF1E3CA}.mono|Any CPU.Build.0 = Debug|Any CPU
		{6A76E825-659F-48C3-ADE6-F97EDEF1E3CA}.mono|Win32.ActiveCfg = Debug|Any CPU
		{6A76E825-659F-48C3-ADE6-F97EDEF1E3CA}.mono|Win32.Build.0 = Debug|Any CPU
		{6A76E825-659F-48C3-ADE6-F97EDEF1E3CA}.mono|x64.ActiveCfg = Debug|Any CPU
		{6A76E825-659F-48C3-ADE6-F97EDEF1E3CA}.mono|x64.Build.0 = Debug|Any CPU
		{6A76E825-659F-48C3-ADE6-F97EDEF1E3CA}.net35|Any CPU.ActiveCfg = Debug|Any CPU
		{6A76E825-659F-48C3-ADE6-F97EDEF1E3CA}.net35|Any CPU.Build.0 = Debug|Any CPU
		{6A76E825-659F-48C3-ADE6-F97EDEF1E3CA}.net35|Win32.ActiveCfg = Debug|Any CPU
		{6A76E825-659F-48C3-ADE6-F97EDEF1E3CA}.net35|Win32.Build.0 = Debug|Any CPU
		{6A76E825-659F-48C3-ADE6-F97EDEF1E3CA}.net35|x64.ActiveCfg = Debug|Any CPU
		{6A76E825-659F-48C3-ADE6-F97EDEF1E3CA}.net35|x64.Build.0 = Debug|Any CPU
		{6A76E825-659F-48C3-ADE6-F97EDEF1E3CA}.net40|Any CPU.ActiveCfg = Debug|Any CPU
		{6A76E825-659F-48C3-ADE6-F97EDEF1E3CA}.net40|Any CPU.Build.0 = Debug|Any CPU
		{6A76E825-659F-48C3-ADE6-F97EDEF1E3CA}.net40|Win32.ActiveCfg = Debug|Any CPU
		{6A76E825-659F-48C3-ADE6-F97EDEF1E3CA}.net40|Win32.Build.0 = Debug|Any CPU
		{6A76E825-659F-48C3-ADE6-F97EDEF1E3CA}.net40|x64.ActiveCfg = Debug|Any CPU
		{6A76E825-659F-48C3-ADE6-F97EDEF1E3CA}.net40|x64.Build.0 = Debug|Any CPU
		{6A76E825-659F-48C3-ADE6-F97EDEF1E3CA}.net45|Any CPU.ActiveCfg = Debug|Any CPU
		{6A76E825-659F-48C3-ADE6-F97EDEF1E3CA}.net45|Any CPU.Build.0 = Debug|Any CPU
		{6A76E825-659F-48C3-ADE6-F97EDEF1E3CA}.net45|Win32.ActiveCfg = Debug|Any CPU
		{6A76E825-659F-48C3-ADE6-F97EDEF1E3CA}.net45|Win32.Build.0 = Debug|Any CPU
		{6A76E825-659F-48C3-ADE6-F97EDEF1E3CA}.net45|x64.ActiveCfg = Debug|Any CPU
		{6A76E825-659F-48C3-ADE6-F97EDEF1E3CA}.net45|x64.Build.0 = Debug|Any CPU
		{6A76E825-659F-48C3-ADE6-F97EDEF1E3CA}.net46|Any CPU.ActiveCfg = Debug|Any CPU
		{6A76E825-659F-48C3-ADE6-F97EDEF1E3CA}.net46|Any CPU.Build.0 = Debug|Any CPU
		{6A76E825-659F-48C3-ADE6-F97EDEF1E3CA}.net46|Win32.ActiveCfg = Debug|Any CPU
		{6A76E825-659F-48C3-ADE6-F97EDEF1E3CA}.net46|Win32.Build.0 = Debug|Any CPU
		{6A76E825-659F-48C3-ADE6-F97EDEF1E3CA}.net46|x64.ActiveCfg = Debug|Any CPU
		{6A76E825-659F-48C3-ADE6-F97EDEF1E3CA}.net46|x64.Build.0 = Debug|Any CPU
		{6A76E825-659F-48C3-ADE6-F97EDEF1E3CA}.net462|Any CPU.ActiveCfg = Debug|Any CPU
		{6A76E825-659F-48C3-ADE6-F97EDEF1E3CA}.net462|Any CPU.Build.0 = Debug|Any CPU
		{6A76E825-659F-48C3-ADE6-F97EDEF1E3CA}.net462|Win32.ActiveCfg = Debug|Any CPU
		{6A76E825-659F-48C3-ADE6-F97EDEF1E3CA}.net462|Win32.Build.0 = Debug|Any CPU
		{6A76E825-659F-48C3-ADE6-F97EDEF1E3CA}.net462|x64.ActiveCfg = Debug|Any CPU
		{6A76E825-659F-48C3-ADE6-F97EDEF1E3CA}.net462|x64.Build.0 = Debug|Any CPU
		{6A76E825-659F-48C3-ADE6-F97EDEF1E3CA}.Release|Any CPU.ActiveCfg = Release|Any CPU
		{6A76E825-659F-48C3-ADE6-F97EDEF1E3CA}.Release|Any CPU.Build.0 = Release|Any CPU
		{6A76E825-659F-48C3-ADE6-F97EDEF1E3CA}.Release|Win32.ActiveCfg = Release|Any CPU
		{6A76E825-659F-48C3-ADE6-F97EDEF1E3CA}.Release|Win32.Build.0 = Release|Any CPU
		{6A76E825-659F-48C3-ADE6-F97EDEF1E3CA}.Release|x64.ActiveCfg = Release|Any CPU
		{6A76E825-659F-48C3-ADE6-F97EDEF1E3CA}.Release|x64.Build.0 = Release|Any CPU
		{1ABC622F-6759-4670-96D6-623E0980A4A5}.Debug|Any CPU.ActiveCfg = Debug|Any CPU
		{1ABC622F-6759-4670-96D6-623E0980A4A5}.Debug|Any CPU.Build.0 = Debug|Any CPU
		{1ABC622F-6759-4670-96D6-623E0980A4A5}.Debug|Win32.ActiveCfg = Debug|Any CPU
		{1ABC622F-6759-4670-96D6-623E0980A4A5}.Debug|Win32.Build.0 = Debug|Any CPU
		{1ABC622F-6759-4670-96D6-623E0980A4A5}.Debug|x64.ActiveCfg = Debug|Any CPU
		{1ABC622F-6759-4670-96D6-623E0980A4A5}.Debug|x64.Build.0 = Debug|Any CPU
		{1ABC622F-6759-4670-96D6-623E0980A4A5}.Docs|Any CPU.ActiveCfg = Debug|Any CPU
		{1ABC622F-6759-4670-96D6-623E0980A4A5}.Docs|Any CPU.Build.0 = Debug|Any CPU
		{1ABC622F-6759-4670-96D6-623E0980A4A5}.Docs|Win32.ActiveCfg = Debug|Any CPU
		{1ABC622F-6759-4670-96D6-623E0980A4A5}.Docs|Win32.Build.0 = Debug|Any CPU
		{1ABC622F-6759-4670-96D6-623E0980A4A5}.Docs|x64.ActiveCfg = Debug|Any CPU
		{1ABC622F-6759-4670-96D6-623E0980A4A5}.Docs|x64.Build.0 = Debug|Any CPU
		{1ABC622F-6759-4670-96D6-623E0980A4A5}.mono|Any CPU.ActiveCfg = Debug|Any CPU
		{1ABC622F-6759-4670-96D6-623E0980A4A5}.mono|Any CPU.Build.0 = Debug|Any CPU
		{1ABC622F-6759-4670-96D6-623E0980A4A5}.mono|Win32.ActiveCfg = Debug|Any CPU
		{1ABC622F-6759-4670-96D6-623E0980A4A5}.mono|Win32.Build.0 = Debug|Any CPU
		{1ABC622F-6759-4670-96D6-623E0980A4A5}.mono|x64.ActiveCfg = Debug|Any CPU
		{1ABC622F-6759-4670-96D6-623E0980A4A5}.mono|x64.Build.0 = Debug|Any CPU
		{1ABC622F-6759-4670-96D6-623E0980A4A5}.net35|Any CPU.ActiveCfg = Debug|Any CPU
		{1ABC622F-6759-4670-96D6-623E0980A4A5}.net35|Any CPU.Build.0 = Debug|Any CPU
		{1ABC622F-6759-4670-96D6-623E0980A4A5}.net35|Win32.ActiveCfg = Debug|Any CPU
		{1ABC622F-6759-4670-96D6-623E0980A4A5}.net35|Win32.Build.0 = Debug|Any CPU
		{1ABC622F-6759-4670-96D6-623E0980A4A5}.net35|x64.ActiveCfg = Debug|Any CPU
		{1ABC622F-6759-4670-96D6-623E0980A4A5}.net35|x64.Build.0 = Debug|Any CPU
		{1ABC622F-6759-4670-96D6-623E0980A4A5}.net40|Any CPU.ActiveCfg = Debug|Any CPU
		{1ABC622F-6759-4670-96D6-623E0980A4A5}.net40|Any CPU.Build.0 = Debug|Any CPU
		{1ABC622F-6759-4670-96D6-623E0980A4A5}.net40|Win32.ActiveCfg = Debug|Any CPU
		{1ABC622F-6759-4670-96D6-623E0980A4A5}.net40|Win32.Build.0 = Debug|Any CPU
		{1ABC622F-6759-4670-96D6-623E0980A4A5}.net40|x64.ActiveCfg = Debug|Any CPU
		{1ABC622F-6759-4670-96D6-623E0980A4A5}.net40|x64.Build.0 = Debug|Any CPU
		{1ABC622F-6759-4670-96D6-623E0980A4A5}.net45|Any CPU.ActiveCfg = Debug|Any CPU
		{1ABC622F-6759-4670-96D6-623E0980A4A5}.net45|Any CPU.Build.0 = Debug|Any CPU
		{1ABC622F-6759-4670-96D6-623E0980A4A5}.net45|Win32.ActiveCfg = Debug|Any CPU
		{1ABC622F-6759-4670-96D6-623E0980A4A5}.net45|Win32.Build.0 = Debug|Any CPU
		{1ABC622F-6759-4670-96D6-623E0980A4A5}.net45|x64.ActiveCfg = Debug|Any CPU
		{1ABC622F-6759-4670-96D6-623E0980A4A5}.net45|x64.Build.0 = Debug|Any CPU
		{1ABC622F-6759-4670-96D6-623E0980A4A5}.net46|Any CPU.ActiveCfg = Debug|Any CPU
		{1ABC622F-6759-4670-96D6-623E0980A4A5}.net46|Any CPU.Build.0 = Debug|Any CPU
		{1ABC622F-6759-4670-96D6-623E0980A4A5}.net46|Win32.ActiveCfg = Debug|Any CPU
		{1ABC622F-6759-4670-96D6-623E0980A4A5}.net46|Win32.Build.0 = Debug|Any CPU
		{1ABC622F-6759-4670-96D6-623E0980A4A5}.net46|x64.ActiveCfg = Debug|Any CPU
		{1ABC622F-6759-4670-96D6-623E0980A4A5}.net46|x64.Build.0 = Debug|Any CPU
		{1ABC622F-6759-4670-96D6-623E0980A4A5}.net462|Any CPU.ActiveCfg = Debug|Any CPU
		{1ABC622F-6759-4670-96D6-623E0980A4A5}.net462|Any CPU.Build.0 = Debug|Any CPU
		{1ABC622F-6759-4670-96D6-623E0980A4A5}.net462|Win32.ActiveCfg = Debug|Any CPU
		{1ABC622F-6759-4670-96D6-623E0980A4A5}.net462|Win32.Build.0 = Debug|Any CPU
		{1ABC622F-6759-4670-96D6-623E0980A4A5}.net462|x64.ActiveCfg = Debug|Any CPU
		{1ABC622F-6759-4670-96D6-623E0980A4A5}.net462|x64.Build.0 = Debug|Any CPU
		{1ABC622F-6759-4670-96D6-623E0980A4A5}.Release|Any CPU.ActiveCfg = Release|Any CPU
		{1ABC622F-6759-4670-96D6-623E0980A4A5}.Release|Any CPU.Build.0 = Release|Any CPU
		{1ABC622F-6759-4670-96D6-623E0980A4A5}.Release|Win32.ActiveCfg = Release|Any CPU
		{1ABC622F-6759-4670-96D6-623E0980A4A5}.Release|Win32.Build.0 = Release|Any CPU
		{1ABC622F-6759-4670-96D6-623E0980A4A5}.Release|x64.ActiveCfg = Release|Any CPU
		{1ABC622F-6759-4670-96D6-623E0980A4A5}.Release|x64.Build.0 = Release|Any CPU
		{741AA74F-A4E0-445D-9500-683FF099AAAA}.Debug|Any CPU.ActiveCfg = Debug|Any CPU
		{741AA74F-A4E0-445D-9500-683FF099AAAA}.Debug|Any CPU.Build.0 = Debug|Any CPU
		{741AA74F-A4E0-445D-9500-683FF099AAAA}.Debug|Win32.ActiveCfg = Debug|Any CPU
		{741AA74F-A4E0-445D-9500-683FF099AAAA}.Debug|Win32.Build.0 = Debug|Any CPU
		{741AA74F-A4E0-445D-9500-683FF099AAAA}.Debug|x64.ActiveCfg = Debug|Any CPU
		{741AA74F-A4E0-445D-9500-683FF099AAAA}.Debug|x64.Build.0 = Debug|Any CPU
		{741AA74F-A4E0-445D-9500-683FF099AAAA}.Docs|Any CPU.ActiveCfg = Debug|Any CPU
		{741AA74F-A4E0-445D-9500-683FF099AAAA}.Docs|Any CPU.Build.0 = Debug|Any CPU
		{741AA74F-A4E0-445D-9500-683FF099AAAA}.Docs|Win32.ActiveCfg = Debug|Any CPU
		{741AA74F-A4E0-445D-9500-683FF099AAAA}.Docs|Win32.Build.0 = Debug|Any CPU
		{741AA74F-A4E0-445D-9500-683FF099AAAA}.Docs|x64.ActiveCfg = Debug|Any CPU
		{741AA74F-A4E0-445D-9500-683FF099AAAA}.Docs|x64.Build.0 = Debug|Any CPU
		{741AA74F-A4E0-445D-9500-683FF099AAAA}.mono|Any CPU.ActiveCfg = Debug|Any CPU
		{741AA74F-A4E0-445D-9500-683FF099AAAA}.mono|Any CPU.Build.0 = Debug|Any CPU
		{741AA74F-A4E0-445D-9500-683FF099AAAA}.mono|Win32.ActiveCfg = Debug|Any CPU
		{741AA74F-A4E0-445D-9500-683FF099AAAA}.mono|Win32.Build.0 = Debug|Any CPU
		{741AA74F-A4E0-445D-9500-683FF099AAAA}.mono|x64.ActiveCfg = Debug|Any CPU
		{741AA74F-A4E0-445D-9500-683FF099AAAA}.mono|x64.Build.0 = Debug|Any CPU
		{741AA74F-A4E0-445D-9500-683FF099AAAA}.net35|Any CPU.ActiveCfg = Debug|Any CPU
		{741AA74F-A4E0-445D-9500-683FF099AAAA}.net35|Any CPU.Build.0 = Debug|Any CPU
		{741AA74F-A4E0-445D-9500-683FF099AAAA}.net35|Win32.ActiveCfg = Debug|Any CPU
		{741AA74F-A4E0-445D-9500-683FF099AAAA}.net35|Win32.Build.0 = Debug|Any CPU
		{741AA74F-A4E0-445D-9500-683FF099AAAA}.net35|x64.ActiveCfg = Debug|Any CPU
		{741AA74F-A4E0-445D-9500-683FF099AAAA}.net35|x64.Build.0 = Debug|Any CPU
		{741AA74F-A4E0-445D-9500-683FF099AAAA}.net40|Any CPU.ActiveCfg = Debug|Any CPU
		{741AA74F-A4E0-445D-9500-683FF099AAAA}.net40|Any CPU.Build.0 = Debug|Any CPU
		{741AA74F-A4E0-445D-9500-683FF099AAAA}.net40|Win32.ActiveCfg = Debug|Any CPU
		{741AA74F-A4E0-445D-9500-683FF099AAAA}.net40|Win32.Build.0 = Debug|Any CPU
		{741AA74F-A4E0-445D-9500-683FF099AAAA}.net40|x64.ActiveCfg = Debug|Any CPU
		{741AA74F-A4E0-445D-9500-683FF099AAAA}.net40|x64.Build.0 = Debug|Any CPU
		{741AA74F-A4E0-445D-9500-683FF099AAAA}.net45|Any CPU.ActiveCfg = Debug|Any CPU
		{741AA74F-A4E0-445D-9500-683FF099AAAA}.net45|Any CPU.Build.0 = Debug|Any CPU
		{741AA74F-A4E0-445D-9500-683FF099AAAA}.net45|Win32.ActiveCfg = Debug|Any CPU
		{741AA74F-A4E0-445D-9500-683FF099AAAA}.net45|Win32.Build.0 = Debug|Any CPU
		{741AA74F-A4E0-445D-9500-683FF099AAAA}.net45|x64.ActiveCfg = Debug|Any CPU
		{741AA74F-A4E0-445D-9500-683FF099AAAA}.net45|x64.Build.0 = Debug|Any CPU
		{741AA74F-A4E0-445D-9500-683FF099AAAA}.net46|Any CPU.ActiveCfg = Debug|Any CPU
		{741AA74F-A4E0-445D-9500-683FF099AAAA}.net46|Any CPU.Build.0 = Debug|Any CPU
		{741AA74F-A4E0-445D-9500-683FF099AAAA}.net46|Win32.ActiveCfg = Debug|Any CPU
		{741AA74F-A4E0-445D-9500-683FF099AAAA}.net46|Win32.Build.0 = Debug|Any CPU
		{741AA74F-A4E0-445D-9500-683FF099AAAA}.net46|x64.ActiveCfg = Debug|Any CPU
		{741AA74F-A4E0-445D-9500-683FF099AAAA}.net46|x64.Build.0 = Debug|Any CPU
		{741AA74F-A4E0-445D-9500-683FF099AAAA}.net462|Any CPU.ActiveCfg = Debug|Any CPU
		{741AA74F-A4E0-445D-9500-683FF099AAAA}.net462|Any CPU.Build.0 = Debug|Any CPU
		{741AA74F-A4E0-445D-9500-683FF099AAAA}.net462|Win32.ActiveCfg = Debug|Any CPU
		{741AA74F-A4E0-445D-9500-683FF099AAAA}.net462|Win32.Build.0 = Debug|Any CPU
		{741AA74F-A4E0-445D-9500-683FF099AAAA}.net462|x64.ActiveCfg = Debug|Any CPU
		{741AA74F-A4E0-445D-9500-683FF099AAAA}.net462|x64.Build.0 = Debug|Any CPU
		{741AA74F-A4E0-445D-9500-683FF099AAAA}.Release|Any CPU.ActiveCfg = Release|Any CPU
		{741AA74F-A4E0-445D-9500-683FF099AAAA}.Release|Any CPU.Build.0 = Release|Any CPU
		{741AA74F-A4E0-445D-9500-683FF099AAAA}.Release|Win32.ActiveCfg = Release|Any CPU
		{741AA74F-A4E0-445D-9500-683FF099AAAA}.Release|Win32.Build.0 = Release|Any CPU
		{741AA74F-A4E0-445D-9500-683FF099AAAA}.Release|x64.ActiveCfg = Release|Any CPU
		{741AA74F-A4E0-445D-9500-683FF099AAAA}.Release|x64.Build.0 = Release|Any CPU
		{232DC751-6A5F-450D-B9DB-7A2C1C4FE26F}.Debug|Any CPU.ActiveCfg = Debug|Any CPU
		{232DC751-6A5F-450D-B9DB-7A2C1C4FE26F}.Debug|Any CPU.Build.0 = Debug|Any CPU
		{232DC751-6A5F-450D-B9DB-7A2C1C4FE26F}.Debug|Win32.ActiveCfg = Debug|Any CPU
		{232DC751-6A5F-450D-B9DB-7A2C1C4FE26F}.Debug|Win32.Build.0 = Debug|Any CPU
		{232DC751-6A5F-450D-B9DB-7A2C1C4FE26F}.Debug|x64.ActiveCfg = Debug|Any CPU
		{232DC751-6A5F-450D-B9DB-7A2C1C4FE26F}.Debug|x64.Build.0 = Debug|Any CPU
		{232DC751-6A5F-450D-B9DB-7A2C1C4FE26F}.Docs|Any CPU.ActiveCfg = Debug|Any CPU
		{232DC751-6A5F-450D-B9DB-7A2C1C4FE26F}.Docs|Any CPU.Build.0 = Debug|Any CPU
		{232DC751-6A5F-450D-B9DB-7A2C1C4FE26F}.Docs|Win32.ActiveCfg = Debug|Any CPU
		{232DC751-6A5F-450D-B9DB-7A2C1C4FE26F}.Docs|Win32.Build.0 = Debug|Any CPU
		{232DC751-6A5F-450D-B9DB-7A2C1C4FE26F}.Docs|x64.ActiveCfg = Debug|Any CPU
		{232DC751-6A5F-450D-B9DB-7A2C1C4FE26F}.Docs|x64.Build.0 = Debug|Any CPU
		{232DC751-6A5F-450D-B9DB-7A2C1C4FE26F}.mono|Any CPU.ActiveCfg = Debug|Any CPU
		{232DC751-6A5F-450D-B9DB-7A2C1C4FE26F}.mono|Any CPU.Build.0 = Debug|Any CPU
		{232DC751-6A5F-450D-B9DB-7A2C1C4FE26F}.mono|Win32.ActiveCfg = Debug|Any CPU
		{232DC751-6A5F-450D-B9DB-7A2C1C4FE26F}.mono|Win32.Build.0 = Debug|Any CPU
		{232DC751-6A5F-450D-B9DB-7A2C1C4FE26F}.mono|x64.ActiveCfg = Debug|Any CPU
		{232DC751-6A5F-450D-B9DB-7A2C1C4FE26F}.mono|x64.Build.0 = Debug|Any CPU
		{232DC751-6A5F-450D-B9DB-7A2C1C4FE26F}.net35|Any CPU.ActiveCfg = Debug|Any CPU
		{232DC751-6A5F-450D-B9DB-7A2C1C4FE26F}.net35|Any CPU.Build.0 = Debug|Any CPU
		{232DC751-6A5F-450D-B9DB-7A2C1C4FE26F}.net35|Win32.ActiveCfg = Debug|Any CPU
		{232DC751-6A5F-450D-B9DB-7A2C1C4FE26F}.net35|Win32.Build.0 = Debug|Any CPU
		{232DC751-6A5F-450D-B9DB-7A2C1C4FE26F}.net35|x64.ActiveCfg = Debug|Any CPU
		{232DC751-6A5F-450D-B9DB-7A2C1C4FE26F}.net35|x64.Build.0 = Debug|Any CPU
		{232DC751-6A5F-450D-B9DB-7A2C1C4FE26F}.net40|Any CPU.ActiveCfg = Debug|Any CPU
		{232DC751-6A5F-450D-B9DB-7A2C1C4FE26F}.net40|Any CPU.Build.0 = Debug|Any CPU
		{232DC751-6A5F-450D-B9DB-7A2C1C4FE26F}.net40|Win32.ActiveCfg = Debug|Any CPU
		{232DC751-6A5F-450D-B9DB-7A2C1C4FE26F}.net40|Win32.Build.0 = Debug|Any CPU
		{232DC751-6A5F-450D-B9DB-7A2C1C4FE26F}.net40|x64.ActiveCfg = Debug|Any CPU
		{232DC751-6A5F-450D-B9DB-7A2C1C4FE26F}.net40|x64.Build.0 = Debug|Any CPU
		{232DC751-6A5F-450D-B9DB-7A2C1C4FE26F}.net45|Any CPU.ActiveCfg = Debug|Any CPU
		{232DC751-6A5F-450D-B9DB-7A2C1C4FE26F}.net45|Any CPU.Build.0 = Debug|Any CPU
		{232DC751-6A5F-450D-B9DB-7A2C1C4FE26F}.net45|Win32.ActiveCfg = Debug|Any CPU
		{232DC751-6A5F-450D-B9DB-7A2C1C4FE26F}.net45|Win32.Build.0 = Debug|Any CPU
		{232DC751-6A5F-450D-B9DB-7A2C1C4FE26F}.net45|x64.ActiveCfg = Debug|Any CPU
		{232DC751-6A5F-450D-B9DB-7A2C1C4FE26F}.net45|x64.Build.0 = Debug|Any CPU
		{232DC751-6A5F-450D-B9DB-7A2C1C4FE26F}.net46|Any CPU.ActiveCfg = Debug|Any CPU
		{232DC751-6A5F-450D-B9DB-7A2C1C4FE26F}.net46|Any CPU.Build.0 = Debug|Any CPU
		{232DC751-6A5F-450D-B9DB-7A2C1C4FE26F}.net46|Win32.ActiveCfg = Debug|Any CPU
		{232DC751-6A5F-450D-B9DB-7A2C1C4FE26F}.net46|Win32.Build.0 = Debug|Any CPU
		{232DC751-6A5F-450D-B9DB-7A2C1C4FE26F}.net46|x64.ActiveCfg = Debug|Any CPU
		{232DC751-6A5F-450D-B9DB-7A2C1C4FE26F}.net46|x64.Build.0 = Debug|Any CPU
		{232DC751-6A5F-450D-B9DB-7A2C1C4FE26F}.net462|Any CPU.ActiveCfg = Debug|Any CPU
		{232DC751-6A5F-450D-B9DB-7A2C1C4FE26F}.net462|Any CPU.Build.0 = Debug|Any CPU
		{232DC751-6A5F-450D-B9DB-7A2C1C4FE26F}.net462|Win32.ActiveCfg = Debug|Any CPU
		{232DC751-6A5F-450D-B9DB-7A2C1C4FE26F}.net462|Win32.Build.0 = Debug|Any CPU
		{232DC751-6A5F-450D-B9DB-7A2C1C4FE26F}.net462|x64.ActiveCfg = Debug|Any CPU
		{232DC751-6A5F-450D-B9DB-7A2C1C4FE26F}.net462|x64.Build.0 = Debug|Any CPU
		{232DC751-6A5F-450D-B9DB-7A2C1C4FE26F}.Release|Any CPU.ActiveCfg = Release|Any CPU
		{232DC751-6A5F-450D-B9DB-7A2C1C4FE26F}.Release|Any CPU.Build.0 = Release|Any CPU
		{232DC751-6A5F-450D-B9DB-7A2C1C4FE26F}.Release|Win32.ActiveCfg = Release|Any CPU
		{232DC751-6A5F-450D-B9DB-7A2C1C4FE26F}.Release|Win32.Build.0 = Release|Any CPU
		{232DC751-6A5F-450D-B9DB-7A2C1C4FE26F}.Release|x64.ActiveCfg = Release|Any CPU
		{232DC751-6A5F-450D-B9DB-7A2C1C4FE26F}.Release|x64.Build.0 = Release|Any CPU
		{119BCFED-FE8F-454A-A924-B5CB4716C1FC}.Debug|Any CPU.ActiveCfg = Debug|Any CPU
		{119BCFED-FE8F-454A-A924-B5CB4716C1FC}.Debug|Any CPU.Build.0 = Debug|Any CPU
		{119BCFED-FE8F-454A-A924-B5CB4716C1FC}.Debug|Win32.ActiveCfg = Debug|Any CPU
		{119BCFED-FE8F-454A-A924-B5CB4716C1FC}.Debug|Win32.Build.0 = Debug|Any CPU
		{119BCFED-FE8F-454A-A924-B5CB4716C1FC}.Debug|x64.ActiveCfg = Debug|Any CPU
		{119BCFED-FE8F-454A-A924-B5CB4716C1FC}.Debug|x64.Build.0 = Debug|Any CPU
		{119BCFED-FE8F-454A-A924-B5CB4716C1FC}.Docs|Any CPU.ActiveCfg = Debug|Any CPU
		{119BCFED-FE8F-454A-A924-B5CB4716C1FC}.Docs|Any CPU.Build.0 = Debug|Any CPU
		{119BCFED-FE8F-454A-A924-B5CB4716C1FC}.Docs|Win32.ActiveCfg = Debug|Any CPU
		{119BCFED-FE8F-454A-A924-B5CB4716C1FC}.Docs|Win32.Build.0 = Debug|Any CPU
		{119BCFED-FE8F-454A-A924-B5CB4716C1FC}.Docs|x64.ActiveCfg = Debug|Any CPU
		{119BCFED-FE8F-454A-A924-B5CB4716C1FC}.Docs|x64.Build.0 = Debug|Any CPU
		{119BCFED-FE8F-454A-A924-B5CB4716C1FC}.mono|Any CPU.ActiveCfg = Debug|Any CPU
		{119BCFED-FE8F-454A-A924-B5CB4716C1FC}.mono|Any CPU.Build.0 = Debug|Any CPU
		{119BCFED-FE8F-454A-A924-B5CB4716C1FC}.mono|Win32.ActiveCfg = Debug|Any CPU
		{119BCFED-FE8F-454A-A924-B5CB4716C1FC}.mono|Win32.Build.0 = Debug|Any CPU
		{119BCFED-FE8F-454A-A924-B5CB4716C1FC}.mono|x64.ActiveCfg = Debug|Any CPU
		{119BCFED-FE8F-454A-A924-B5CB4716C1FC}.mono|x64.Build.0 = Debug|Any CPU
		{119BCFED-FE8F-454A-A924-B5CB4716C1FC}.net35|Any CPU.ActiveCfg = Debug|Any CPU
		{119BCFED-FE8F-454A-A924-B5CB4716C1FC}.net35|Any CPU.Build.0 = Debug|Any CPU
		{119BCFED-FE8F-454A-A924-B5CB4716C1FC}.net35|Win32.ActiveCfg = Debug|Any CPU
		{119BCFED-FE8F-454A-A924-B5CB4716C1FC}.net35|Win32.Build.0 = Debug|Any CPU
		{119BCFED-FE8F-454A-A924-B5CB4716C1FC}.net35|x64.ActiveCfg = Debug|Any CPU
		{119BCFED-FE8F-454A-A924-B5CB4716C1FC}.net35|x64.Build.0 = Debug|Any CPU
		{119BCFED-FE8F-454A-A924-B5CB4716C1FC}.net40|Any CPU.ActiveCfg = Debug|Any CPU
		{119BCFED-FE8F-454A-A924-B5CB4716C1FC}.net40|Any CPU.Build.0 = Debug|Any CPU
		{119BCFED-FE8F-454A-A924-B5CB4716C1FC}.net40|Win32.ActiveCfg = Debug|Any CPU
		{119BCFED-FE8F-454A-A924-B5CB4716C1FC}.net40|Win32.Build.0 = Debug|Any CPU
		{119BCFED-FE8F-454A-A924-B5CB4716C1FC}.net40|x64.ActiveCfg = Debug|Any CPU
		{119BCFED-FE8F-454A-A924-B5CB4716C1FC}.net40|x64.Build.0 = Debug|Any CPU
		{119BCFED-FE8F-454A-A924-B5CB4716C1FC}.net45|Any CPU.ActiveCfg = Debug|Any CPU
		{119BCFED-FE8F-454A-A924-B5CB4716C1FC}.net45|Any CPU.Build.0 = Debug|Any CPU
		{119BCFED-FE8F-454A-A924-B5CB4716C1FC}.net45|Win32.ActiveCfg = Debug|Any CPU
		{119BCFED-FE8F-454A-A924-B5CB4716C1FC}.net45|Win32.Build.0 = Debug|Any CPU
		{119BCFED-FE8F-454A-A924-B5CB4716C1FC}.net45|x64.ActiveCfg = Debug|Any CPU
		{119BCFED-FE8F-454A-A924-B5CB4716C1FC}.net45|x64.Build.0 = Debug|Any CPU
		{119BCFED-FE8F-454A-A924-B5CB4716C1FC}.net46|Any CPU.ActiveCfg = Debug|Any CPU
		{119BCFED-FE8F-454A-A924-B5CB4716C1FC}.net46|Any CPU.Build.0 = Debug|Any CPU
		{119BCFED-FE8F-454A-A924-B5CB4716C1FC}.net46|Win32.ActiveCfg = Debug|Any CPU
		{119BCFED-FE8F-454A-A924-B5CB4716C1FC}.net46|Win32.Build.0 = Debug|Any CPU
		{119BCFED-FE8F-454A-A924-B5CB4716C1FC}.net46|x64.ActiveCfg = Debug|Any CPU
		{119BCFED-FE8F-454A-A924-B5CB4716C1FC}.net46|x64.Build.0 = Debug|Any CPU
		{119BCFED-FE8F-454A-A924-B5CB4716C1FC}.net462|Any CPU.ActiveCfg = Debug|Any CPU
		{119BCFED-FE8F-454A-A924-B5CB4716C1FC}.net462|Any CPU.Build.0 = Debug|Any CPU
		{119BCFED-FE8F-454A-A924-B5CB4716C1FC}.net462|Win32.ActiveCfg = Debug|Any CPU
		{119BCFED-FE8F-454A-A924-B5CB4716C1FC}.net462|Win32.Build.0 = Debug|Any CPU
		{119BCFED-FE8F-454A-A924-B5CB4716C1FC}.net462|x64.ActiveCfg = Debug|Any CPU
		{119BCFED-FE8F-454A-A924-B5CB4716C1FC}.net462|x64.Build.0 = Debug|Any CPU
		{119BCFED-FE8F-454A-A924-B5CB4716C1FC}.Release|Any CPU.ActiveCfg = Release|Any CPU
		{119BCFED-FE8F-454A-A924-B5CB4716C1FC}.Release|Any CPU.Build.0 = Release|Any CPU
		{119BCFED-FE8F-454A-A924-B5CB4716C1FC}.Release|Win32.ActiveCfg = Release|Any CPU
		{119BCFED-FE8F-454A-A924-B5CB4716C1FC}.Release|Win32.Build.0 = Release|Any CPU
		{119BCFED-FE8F-454A-A924-B5CB4716C1FC}.Release|x64.ActiveCfg = Release|Any CPU
		{119BCFED-FE8F-454A-A924-B5CB4716C1FC}.Release|x64.Build.0 = Release|Any CPU
		{A4C2087B-0CDA-49D0-ACF0-EF88BED46127}.Debug|Any CPU.ActiveCfg = Debug|Any CPU
		{A4C2087B-0CDA-49D0-ACF0-EF88BED46127}.Debug|Any CPU.Build.0 = Debug|Any CPU
		{A4C2087B-0CDA-49D0-ACF0-EF88BED46127}.Debug|Win32.ActiveCfg = Debug|Any CPU
		{A4C2087B-0CDA-49D0-ACF0-EF88BED46127}.Debug|Win32.Build.0 = Debug|Any CPU
		{A4C2087B-0CDA-49D0-ACF0-EF88BED46127}.Debug|x64.ActiveCfg = Debug|Any CPU
		{A4C2087B-0CDA-49D0-ACF0-EF88BED46127}.Debug|x64.Build.0 = Debug|Any CPU
		{A4C2087B-0CDA-49D0-ACF0-EF88BED46127}.Docs|Any CPU.ActiveCfg = Debug|Any CPU
		{A4C2087B-0CDA-49D0-ACF0-EF88BED46127}.Docs|Any CPU.Build.0 = Debug|Any CPU
		{A4C2087B-0CDA-49D0-ACF0-EF88BED46127}.Docs|Win32.ActiveCfg = Debug|Any CPU
		{A4C2087B-0CDA-49D0-ACF0-EF88BED46127}.Docs|Win32.Build.0 = Debug|Any CPU
		{A4C2087B-0CDA-49D0-ACF0-EF88BED46127}.Docs|x64.ActiveCfg = Debug|Any CPU
		{A4C2087B-0CDA-49D0-ACF0-EF88BED46127}.Docs|x64.Build.0 = Debug|Any CPU
		{A4C2087B-0CDA-49D0-ACF0-EF88BED46127}.mono|Any CPU.ActiveCfg = Debug|Any CPU
		{A4C2087B-0CDA-49D0-ACF0-EF88BED46127}.mono|Any CPU.Build.0 = Debug|Any CPU
		{A4C2087B-0CDA-49D0-ACF0-EF88BED46127}.mono|Win32.ActiveCfg = Debug|Any CPU
		{A4C2087B-0CDA-49D0-ACF0-EF88BED46127}.mono|Win32.Build.0 = Debug|Any CPU
		{A4C2087B-0CDA-49D0-ACF0-EF88BED46127}.mono|x64.ActiveCfg = Debug|Any CPU
		{A4C2087B-0CDA-49D0-ACF0-EF88BED46127}.mono|x64.Build.0 = Debug|Any CPU
		{A4C2087B-0CDA-49D0-ACF0-EF88BED46127}.net35|Any CPU.ActiveCfg = Debug|Any CPU
		{A4C2087B-0CDA-49D0-ACF0-EF88BED46127}.net35|Any CPU.Build.0 = Debug|Any CPU
		{A4C2087B-0CDA-49D0-ACF0-EF88BED46127}.net35|Win32.ActiveCfg = Debug|Any CPU
		{A4C2087B-0CDA-49D0-ACF0-EF88BED46127}.net35|Win32.Build.0 = Debug|Any CPU
		{A4C2087B-0CDA-49D0-ACF0-EF88BED46127}.net35|x64.ActiveCfg = Debug|Any CPU
		{A4C2087B-0CDA-49D0-ACF0-EF88BED46127}.net35|x64.Build.0 = Debug|Any CPU
		{A4C2087B-0CDA-49D0-ACF0-EF88BED46127}.net40|Any CPU.ActiveCfg = Debug|Any CPU
		{A4C2087B-0CDA-49D0-ACF0-EF88BED46127}.net40|Any CPU.Build.0 = Debug|Any CPU
		{A4C2087B-0CDA-49D0-ACF0-EF88BED46127}.net40|Win32.ActiveCfg = Debug|Any CPU
		{A4C2087B-0CDA-49D0-ACF0-EF88BED46127}.net40|Win32.Build.0 = Debug|Any CPU
		{A4C2087B-0CDA-49D0-ACF0-EF88BED46127}.net40|x64.ActiveCfg = Debug|Any CPU
		{A4C2087B-0CDA-49D0-ACF0-EF88BED46127}.net40|x64.Build.0 = Debug|Any CPU
		{A4C2087B-0CDA-49D0-ACF0-EF88BED46127}.net45|Any CPU.ActiveCfg = Debug|Any CPU
		{A4C2087B-0CDA-49D0-ACF0-EF88BED46127}.net45|Any CPU.Build.0 = Debug|Any CPU
		{A4C2087B-0CDA-49D0-ACF0-EF88BED46127}.net45|Win32.ActiveCfg = Debug|Any CPU
		{A4C2087B-0CDA-49D0-ACF0-EF88BED46127}.net45|Win32.Build.0 = Debug|Any CPU
		{A4C2087B-0CDA-49D0-ACF0-EF88BED46127}.net45|x64.ActiveCfg = Debug|Any CPU
		{A4C2087B-0CDA-49D0-ACF0-EF88BED46127}.net45|x64.Build.0 = Debug|Any CPU
		{A4C2087B-0CDA-49D0-ACF0-EF88BED46127}.net46|Any CPU.ActiveCfg = Debug|Any CPU
		{A4C2087B-0CDA-49D0-ACF0-EF88BED46127}.net46|Any CPU.Build.0 = Debug|Any CPU
		{A4C2087B-0CDA-49D0-ACF0-EF88BED46127}.net46|Win32.ActiveCfg = Debug|Any CPU
		{A4C2087B-0CDA-49D0-ACF0-EF88BED46127}.net46|Win32.Build.0 = Debug|Any CPU
		{A4C2087B-0CDA-49D0-ACF0-EF88BED46127}.net46|x64.ActiveCfg = Debug|Any CPU
		{A4C2087B-0CDA-49D0-ACF0-EF88BED46127}.net46|x64.Build.0 = Debug|Any CPU
		{A4C2087B-0CDA-49D0-ACF0-EF88BED46127}.net462|Any CPU.ActiveCfg = Debug|Any CPU
		{A4C2087B-0CDA-49D0-ACF0-EF88BED46127}.net462|Any CPU.Build.0 = Debug|Any CPU
		{A4C2087B-0CDA-49D0-ACF0-EF88BED46127}.net462|Win32.ActiveCfg = Debug|Any CPU
		{A4C2087B-0CDA-49D0-ACF0-EF88BED46127}.net462|Win32.Build.0 = Debug|Any CPU
		{A4C2087B-0CDA-49D0-ACF0-EF88BED46127}.net462|x64.ActiveCfg = Debug|Any CPU
		{A4C2087B-0CDA-49D0-ACF0-EF88BED46127}.net462|x64.Build.0 = Debug|Any CPU
		{A4C2087B-0CDA-49D0-ACF0-EF88BED46127}.Release|Any CPU.ActiveCfg = Release|Any CPU
		{A4C2087B-0CDA-49D0-ACF0-EF88BED46127}.Release|Any CPU.Build.0 = Release|Any CPU
		{A4C2087B-0CDA-49D0-ACF0-EF88BED46127}.Release|Win32.ActiveCfg = Release|Any CPU
		{A4C2087B-0CDA-49D0-ACF0-EF88BED46127}.Release|Win32.Build.0 = Release|Any CPU
		{A4C2087B-0CDA-49D0-ACF0-EF88BED46127}.Release|x64.ActiveCfg = Release|Any CPU
		{A4C2087B-0CDA-49D0-ACF0-EF88BED46127}.Release|x64.Build.0 = Release|Any CPU
		{76FC6EBC-C4F3-4669-A812-24C145D48C6D}.Debug|Any CPU.ActiveCfg = Debug|Any CPU
		{76FC6EBC-C4F3-4669-A812-24C145D48C6D}.Debug|Any CPU.Build.0 = Debug|Any CPU
		{76FC6EBC-C4F3-4669-A812-24C145D48C6D}.Debug|Win32.ActiveCfg = Debug|Any CPU
		{76FC6EBC-C4F3-4669-A812-24C145D48C6D}.Debug|Win32.Build.0 = Debug|Any CPU
		{76FC6EBC-C4F3-4669-A812-24C145D48C6D}.Debug|x64.ActiveCfg = Debug|Any CPU
		{76FC6EBC-C4F3-4669-A812-24C145D48C6D}.Debug|x64.Build.0 = Debug|Any CPU
		{76FC6EBC-C4F3-4669-A812-24C145D48C6D}.Docs|Any CPU.ActiveCfg = Debug|Any CPU
		{76FC6EBC-C4F3-4669-A812-24C145D48C6D}.Docs|Any CPU.Build.0 = Debug|Any CPU
		{76FC6EBC-C4F3-4669-A812-24C145D48C6D}.Docs|Win32.ActiveCfg = Debug|Any CPU
		{76FC6EBC-C4F3-4669-A812-24C145D48C6D}.Docs|Win32.Build.0 = Debug|Any CPU
		{76FC6EBC-C4F3-4669-A812-24C145D48C6D}.Docs|x64.ActiveCfg = Debug|Any CPU
		{76FC6EBC-C4F3-4669-A812-24C145D48C6D}.Docs|x64.Build.0 = Debug|Any CPU
		{76FC6EBC-C4F3-4669-A812-24C145D48C6D}.mono|Any CPU.ActiveCfg = Debug|Any CPU
		{76FC6EBC-C4F3-4669-A812-24C145D48C6D}.mono|Any CPU.Build.0 = Debug|Any CPU
		{76FC6EBC-C4F3-4669-A812-24C145D48C6D}.mono|Win32.ActiveCfg = Debug|Any CPU
		{76FC6EBC-C4F3-4669-A812-24C145D48C6D}.mono|Win32.Build.0 = Debug|Any CPU
		{76FC6EBC-C4F3-4669-A812-24C145D48C6D}.mono|x64.ActiveCfg = Debug|Any CPU
		{76FC6EBC-C4F3-4669-A812-24C145D48C6D}.mono|x64.Build.0 = Debug|Any CPU
		{76FC6EBC-C4F3-4669-A812-24C145D48C6D}.net35|Any CPU.ActiveCfg = Debug|Any CPU
		{76FC6EBC-C4F3-4669-A812-24C145D48C6D}.net35|Any CPU.Build.0 = Debug|Any CPU
		{76FC6EBC-C4F3-4669-A812-24C145D48C6D}.net35|Win32.ActiveCfg = Debug|Any CPU
		{76FC6EBC-C4F3-4669-A812-24C145D48C6D}.net35|Win32.Build.0 = Debug|Any CPU
		{76FC6EBC-C4F3-4669-A812-24C145D48C6D}.net35|x64.ActiveCfg = Debug|Any CPU
		{76FC6EBC-C4F3-4669-A812-24C145D48C6D}.net35|x64.Build.0 = Debug|Any CPU
		{76FC6EBC-C4F3-4669-A812-24C145D48C6D}.net40|Any CPU.ActiveCfg = Debug|Any CPU
		{76FC6EBC-C4F3-4669-A812-24C145D48C6D}.net40|Any CPU.Build.0 = Debug|Any CPU
		{76FC6EBC-C4F3-4669-A812-24C145D48C6D}.net40|Win32.ActiveCfg = Debug|Any CPU
		{76FC6EBC-C4F3-4669-A812-24C145D48C6D}.net40|Win32.Build.0 = Debug|Any CPU
		{76FC6EBC-C4F3-4669-A812-24C145D48C6D}.net40|x64.ActiveCfg = Debug|Any CPU
		{76FC6EBC-C4F3-4669-A812-24C145D48C6D}.net40|x64.Build.0 = Debug|Any CPU
		{76FC6EBC-C4F3-4669-A812-24C145D48C6D}.net45|Any CPU.ActiveCfg = Debug|Any CPU
		{76FC6EBC-C4F3-4669-A812-24C145D48C6D}.net45|Any CPU.Build.0 = Debug|Any CPU
		{76FC6EBC-C4F3-4669-A812-24C145D48C6D}.net45|Win32.ActiveCfg = Debug|Any CPU
		{76FC6EBC-C4F3-4669-A812-24C145D48C6D}.net45|Win32.Build.0 = Debug|Any CPU
		{76FC6EBC-C4F3-4669-A812-24C145D48C6D}.net45|x64.ActiveCfg = Debug|Any CPU
		{76FC6EBC-C4F3-4669-A812-24C145D48C6D}.net45|x64.Build.0 = Debug|Any CPU
		{76FC6EBC-C4F3-4669-A812-24C145D48C6D}.net46|Any CPU.ActiveCfg = Debug|Any CPU
		{76FC6EBC-C4F3-4669-A812-24C145D48C6D}.net46|Any CPU.Build.0 = Debug|Any CPU
		{76FC6EBC-C4F3-4669-A812-24C145D48C6D}.net46|Win32.ActiveCfg = Debug|Any CPU
		{76FC6EBC-C4F3-4669-A812-24C145D48C6D}.net46|Win32.Build.0 = Debug|Any CPU
		{76FC6EBC-C4F3-4669-A812-24C145D48C6D}.net46|x64.ActiveCfg = Debug|Any CPU
		{76FC6EBC-C4F3-4669-A812-24C145D48C6D}.net46|x64.Build.0 = Debug|Any CPU
		{76FC6EBC-C4F3-4669-A812-24C145D48C6D}.net462|Any CPU.ActiveCfg = Debug|Any CPU
		{76FC6EBC-C4F3-4669-A812-24C145D48C6D}.net462|Any CPU.Build.0 = Debug|Any CPU
		{76FC6EBC-C4F3-4669-A812-24C145D48C6D}.net462|Win32.ActiveCfg = Debug|Any CPU
		{76FC6EBC-C4F3-4669-A812-24C145D48C6D}.net462|Win32.Build.0 = Debug|Any CPU
		{76FC6EBC-C4F3-4669-A812-24C145D48C6D}.net462|x64.ActiveCfg = Debug|Any CPU
		{76FC6EBC-C4F3-4669-A812-24C145D48C6D}.net462|x64.Build.0 = Debug|Any CPU
		{76FC6EBC-C4F3-4669-A812-24C145D48C6D}.Release|Any CPU.ActiveCfg = Release|Any CPU
		{76FC6EBC-C4F3-4669-A812-24C145D48C6D}.Release|Any CPU.Build.0 = Release|Any CPU
		{76FC6EBC-C4F3-4669-A812-24C145D48C6D}.Release|Win32.ActiveCfg = Release|Any CPU
		{76FC6EBC-C4F3-4669-A812-24C145D48C6D}.Release|Win32.Build.0 = Release|Any CPU
		{76FC6EBC-C4F3-4669-A812-24C145D48C6D}.Release|x64.ActiveCfg = Release|Any CPU
		{76FC6EBC-C4F3-4669-A812-24C145D48C6D}.Release|x64.Build.0 = Release|Any CPU
	EndGlobalSection
	GlobalSection(SolutionProperties) = preSolution
		HideSolutionNode = FALSE
	EndGlobalSection
	GlobalSection(NestedProjects) = preSolution
		{DB1D2E4F-0D35-4321-996B-0DFB04609ACE} = {51B993EE-FE3F-44B0-8FA1-C0EEBF2670C8}
		{0809BD03-3BC6-4730-9913-247015D41B2A} = {70A5A124-8920-4478-B0F7-B398C6100942}
		{9A4E07DA-AAE4-47BD-85A0-B81AE94FB587} = {70A5A124-8920-4478-B0F7-B398C6100942}
		{2A3C7814-903A-43E4-A78D-DB3BF92EAFF7} = {70A5A124-8920-4478-B0F7-B398C6100942}
		{75B7078F-07C9-4B56-B2F2-BF3993514951} = {70A5A124-8920-4478-B0F7-B398C6100942}
		{6A76E825-659F-48C3-ADE6-F97EDEF1E3CA} = {70A5A124-8920-4478-B0F7-B398C6100942}
		{1ABC622F-6759-4670-96D6-623E0980A4A5} = {CA17CC32-9F4C-4225-BAB4-60BAE673853A}
		{741AA74F-A4E0-445D-9500-683FF099AAAA} = {CA17CC32-9F4C-4225-BAB4-60BAE673853A}
		{232DC751-6A5F-450D-B9DB-7A2C1C4FE26F} = {CA17CC32-9F4C-4225-BAB4-60BAE673853A}
		{119BCFED-FE8F-454A-A924-B5CB4716C1FC} = {CA17CC32-9F4C-4225-BAB4-60BAE673853A}
		{A4C2087B-0CDA-49D0-ACF0-EF88BED46127} = {C2EE683F-3871-4150-BB25-6329A631637D}
		{76FC6EBC-C4F3-4669-A812-24C145D48C6D} = {C2EE683F-3871-4150-BB25-6329A631637D}
	EndGlobalSection
	GlobalSection(ExtensibilityGlobals) = postSolution
		SolutionGuid = {AF2DC4B0-8B4C-4742-A09C-458BBF0447A0}
	EndGlobalSection
	GlobalSection(Performance) = preSolution
		HasPerformanceSessions = true
	EndGlobalSection
	GlobalSection(Performance) = preSolution
		HasPerformanceSessions = true
	EndGlobalSection
	GlobalSection(Performance) = preSolution
		HasPerformanceSessions = true
	EndGlobalSection
	GlobalSection(Performance) = preSolution
		HasPerformanceSessions = true
	EndGlobalSection
	GlobalSection(Performance) = preSolution
		HasPerformanceSessions = true
	EndGlobalSection
	GlobalSection(Performance) = preSolution
		HasPerformanceSessions = true
	EndGlobalSection
	GlobalSection(TestCaseManagementSettings) = postSolution
		CategoryFile = Accord.NET.vsmdi
	EndGlobalSection
EndGlobal
